
Microsoft Visual Studio Solution File, Format Version 12.00
# Visual Studio 2012
Project("{8BC9CEB8-8B4A-11D0-8D11-00A0C91BC942}") = "BDEVerify", "BDEVerify.vcxproj", "{E92A47B6-8031-471B-8453-6F82628F616D}"
EndProject
Global
	GlobalSection(SolutionConfigurationPlatforms) = preSolution
		Debug|Win32 = Debug|Win32
		Release|Win32 = Release|Win32
	EndGlobalSection
	GlobalSection(ProjectConfigurationPlatforms) = postSolution
		{E92A47B6-8031-471B-8453-6F82628F616D}.Debug|Win32.ActiveCfg = Release|Win32
		{E92A47B6-8031-471B-8453-6F82628F616D}.Debug|Win32.Build.0 = Release|Win32
		{E92A47B6-8031-471B-8453-6F82628F616D}.Release|Win32.ActiveCfg = Release|Win32
		{E92A47B6-8031-471B-8453-6F82628F616D}.Release|Win32.Build.0 = Release|Win32
	EndGlobalSection
	GlobalSection(SolutionProperties) = preSolution
		HideSolutionNode = FALSE
	EndGlobalSection
EndGlobal
